// !$*UTF8*$!
{
	archiveVersion = 1;
	classes = {
	};
	objectVersion = 55;
	objects = {

/* Begin PBXBuildFile section */
		DE16E74C2895271B00C75C23 /* AppDelegate.swift in Sources */ = {isa = PBXBuildFile; fileRef = DE16E74B2895271B00C75C23 /* AppDelegate.swift */; };
		DE16E74E2895271B00C75C23 /* SceneDelegate.swift in Sources */ = {isa = PBXBuildFile; fileRef = DE16E74D2895271B00C75C23 /* SceneDelegate.swift */; };
		DE16E7502895271B00C75C23 /* ViewController.swift in Sources */ = {isa = PBXBuildFile; fileRef = DE16E74F2895271B00C75C23 /* ViewController.swift */; };
		DE16E7552895271D00C75C23 /* Assets.xcassets in Resources */ = {isa = PBXBuildFile; fileRef = DE16E7542895271D00C75C23 /* Assets.xcassets */; };
		DE16E7582895271D00C75C23 /* LaunchScreen.storyboard in Resources */ = {isa = PBXBuildFile; fileRef = DE16E7562895271D00C75C23 /* LaunchScreen.storyboard */; };
		DE16E76728954F5C00C75C23 /* CoordinatorDescribing.swift in Sources */ = {isa = PBXBuildFile; fileRef = DE16E76628954F5C00C75C23 /* CoordinatorDescribing.swift */; };
		DE16E76D28954F7000C75C23 /* CALayer+.swift in Sources */ = {isa = PBXBuildFile; fileRef = DE16E76928954F7000C75C23 /* CALayer+.swift */; };
		DE16E76E28954F7000C75C23 /* UIFont+.swift in Sources */ = {isa = PBXBuildFile; fileRef = DE16E76A28954F7000C75C23 /* UIFont+.swift */; };
		DE16E76F28954F7000C75C23 /* UITextField+.swift in Sources */ = {isa = PBXBuildFile; fileRef = DE16E76B28954F7000C75C23 /* UITextField+.swift */; };
		DE16E77028954F7000C75C23 /* UIColor+.swift in Sources */ = {isa = PBXBuildFile; fileRef = DE16E76C28954F7000C75C23 /* UIColor+.swift */; };
		DE16E78A2895514400C75C23 /* .swiftlint.yml in Resources */ = {isa = PBXBuildFile; fileRef = DE16E7892895514400C75C23 /* .swiftlint.yml */; };
		DE16E78C289551ED00C75C23 /* AppCoordinator.swift in Sources */ = {isa = PBXBuildFile; fileRef = DE16E78B289551ED00C75C23 /* AppCoordinator.swift */; };
		DE16E7902895521300C75C23 /* HomeCoordinator.swift in Sources */ = {isa = PBXBuildFile; fileRef = DE16E78F2895521300C75C23 /* HomeCoordinator.swift */; };
		DE16E7932895529700C75C23 /* SnapKit in Frameworks */ = {isa = PBXBuildFile; productRef = DE16E7922895529700C75C23 /* SnapKit */; };
		DE16E799289552BF00C75C23 /* RxCocoa in Frameworks */ = {isa = PBXBuildFile; productRef = DE16E798289552BF00C75C23 /* RxCocoa */; };
		DE16E79B289552BF00C75C23 /* RxRelay in Frameworks */ = {isa = PBXBuildFile; productRef = DE16E79A289552BF00C75C23 /* RxRelay */; };
		DE16E79D289552BF00C75C23 /* RxSwift in Frameworks */ = {isa = PBXBuildFile; productRef = DE16E79C289552BF00C75C23 /* RxSwift */; };
		DE16E7A0289552CE00C75C23 /* Then in Frameworks */ = {isa = PBXBuildFile; productRef = DE16E79F289552CE00C75C23 /* Then */; };
		DE16E7A3289552F600C75C23 /* Alamofire in Frameworks */ = {isa = PBXBuildFile; productRef = DE16E7A2289552F600C75C23 /* Alamofire */; };
		DE16E7A62895530F00C75C23 /* RxDataSources in Frameworks */ = {isa = PBXBuildFile; productRef = DE16E7A52895530F00C75C23 /* RxDataSources */; };
		DE16E7AB2895557100C75C23 /* LoginCoordinator.swift in Sources */ = {isa = PBXBuildFile; fileRef = DE16E7AA2895557100C75C23 /* LoginCoordinator.swift */; };
		DE16E7B0289556BE00C75C23 /* BaseRouter.swift in Sources */ = {isa = PBXBuildFile; fileRef = DE16E7AF289556BE00C75C23 /* BaseRouter.swift */; };
		DE16E7B22895577000C75C23 /* APIProtocol.swift in Sources */ = {isa = PBXBuildFile; fileRef = DE16E7B12895577000C75C23 /* APIProtocol.swift */; };
		DE16E7B4289558A000C75C23 /* HoldyAPI.swift in Sources */ = {isa = PBXBuildFile; fileRef = DE16E7B3289558A000C75C23 /* HoldyAPI.swift */; };
		DE16E7B828955E3700C75C23 /* LoginRequest.swift in Sources */ = {isa = PBXBuildFile; fileRef = DE16E7B728955E3700C75C23 /* LoginRequest.swift */; };
		DE16E7BC28955EC500C75C23 /* LoginResponse.swift in Sources */ = {isa = PBXBuildFile; fileRef = DE16E7BB28955EC500C75C23 /* LoginResponse.swift */; };
		DE16E7BE2895692600C75C23 /* LoginViewController.swift in Sources */ = {isa = PBXBuildFile; fileRef = DE16E7BD2895692600C75C23 /* LoginViewController.swift */; };
		DE16E7C3289570EC00C75C23 /* UIView+.swift in Sources */ = {isa = PBXBuildFile; fileRef = DE16E7C2289570EC00C75C23 /* UIView+.swift */; };
		DE16E7CD28957C7000C75C23 /* Pretendard-Thin.otf in Resources */ = {isa = PBXBuildFile; fileRef = DE16E7C92895799000C75C23 /* Pretendard-Thin.otf */; };
		DE16E7CE28957C7200C75C23 /* Pretendard-ExtraLight.otf in Resources */ = {isa = PBXBuildFile; fileRef = DE16E7CB2895799000C75C23 /* Pretendard-ExtraLight.otf */; };
		DE16E7CF28957C7500C75C23 /* Pretendard-Light.otf in Resources */ = {isa = PBXBuildFile; fileRef = DE16E7C52895799000C75C23 /* Pretendard-Light.otf */; };
		DE16E7D028957C7700C75C23 /* Pretendard-Regular.otf in Resources */ = {isa = PBXBuildFile; fileRef = DE16E7CC2895799000C75C23 /* Pretendard-Regular.otf */; };
		DE16E7D128957C7A00C75C23 /* Pretendard-Medium.otf in Resources */ = {isa = PBXBuildFile; fileRef = DE16E7C72895799000C75C23 /* Pretendard-Medium.otf */; };
		DE16E7D228957C7D00C75C23 /* Pretendard-SemiBold.otf in Resources */ = {isa = PBXBuildFile; fileRef = DE16E7C82895799000C75C23 /* Pretendard-SemiBold.otf */; };
		DE16E7D328957C7F00C75C23 /* Pretendard-Bold.otf in Resources */ = {isa = PBXBuildFile; fileRef = DE16E7C42895799000C75C23 /* Pretendard-Bold.otf */; };
		DE16E7D428957C8100C75C23 /* Pretendard-ExtraBold.otf in Resources */ = {isa = PBXBuildFile; fileRef = DE16E7CA2895799000C75C23 /* Pretendard-ExtraBold.otf */; };
		DE16E7D528957C8400C75C23 /* Pretendard-Black.otf in Resources */ = {isa = PBXBuildFile; fileRef = DE16E7C62895799000C75C23 /* Pretendard-Black.otf */; };
		DE16E7D9289589E400C75C23 /* Poppins-SemiBold.otf in Resources */ = {isa = PBXBuildFile; fileRef = DE16E7D8289588F000C75C23 /* Poppins-SemiBold.otf */; };
		DE2024E028A2A7E9004B4F59 /* GeneratingGroupRouter.swift in Sources */ = {isa = PBXBuildFile; fileRef = DE2024DF28A2A7E9004B4F59 /* GeneratingGroupRouter.swift */; };
		DE2024E228A756E3004B4F59 /* GeneratingGroupResponse.swift in Sources */ = {isa = PBXBuildFile; fileRef = DE2024E128A756E3004B4F59 /* GeneratingGroupResponse.swift */; };
		DE545F65289BE905002E6B83 /* GeneratingGroupCoordinator.swift in Sources */ = {isa = PBXBuildFile; fileRef = DE545F64289BE905002E6B83 /* GeneratingGroupCoordinator.swift */; };
		DE545F67289BE9F4002E6B83 /* GeneratingGroupViewController.swift in Sources */ = {isa = PBXBuildFile; fileRef = DE545F66289BE9F4002E6B83 /* GeneratingGroupViewController.swift */; };
		DE6452F7289C0CB200CD19D1 /* GeneratingGroupViewModel.swift in Sources */ = {isa = PBXBuildFile; fileRef = DE6452F6289C0CB200CD19D1 /* GeneratingGroupViewModel.swift */; };
		DE86D4A328964541007BC448 /* URLRequest+.swift in Sources */ = {isa = PBXBuildFile; fileRef = DE86D4A228964541007BC448 /* URLRequest+.swift */; };
		DE86D4AB28980062007BC448 /* LoginAPITests.swift in Sources */ = {isa = PBXBuildFile; fileRef = DE86D4AA28980062007BC448 /* LoginAPITests.swift */; };
		DE86D4B428980CA4007BC448 /* LoginViewModel.swift in Sources */ = {isa = PBXBuildFile; fileRef = DE86D4B328980CA4007BC448 /* LoginViewModel.swift */; };
/* End PBXBuildFile section */

/* Begin PBXContainerItemProxy section */
		DE86D4AC28980062007BC448 /* PBXContainerItemProxy */ = {
			isa = PBXContainerItemProxy;
			containerPortal = DE16E7402895271B00C75C23 /* Project object */;
			proxyType = 1;
			remoteGlobalIDString = DE16E7472895271B00C75C23;
			remoteInfo = "holdy-iOS";
		};
/* End PBXContainerItemProxy section */

/* Begin PBXFileReference section */
		DE16E7482895271B00C75C23 /* holdy-iOS.app */ = {isa = PBXFileReference; explicitFileType = wrapper.application; includeInIndex = 0; path = "holdy-iOS.app"; sourceTree = BUILT_PRODUCTS_DIR; };
		DE16E74B2895271B00C75C23 /* AppDelegate.swift */ = {isa = PBXFileReference; lastKnownFileType = sourcecode.swift; path = AppDelegate.swift; sourceTree = "<group>"; };
		DE16E74D2895271B00C75C23 /* SceneDelegate.swift */ = {isa = PBXFileReference; lastKnownFileType = sourcecode.swift; path = SceneDelegate.swift; sourceTree = "<group>"; };
		DE16E74F2895271B00C75C23 /* ViewController.swift */ = {isa = PBXFileReference; lastKnownFileType = sourcecode.swift; path = ViewController.swift; sourceTree = "<group>"; };
		DE16E7542895271D00C75C23 /* Assets.xcassets */ = {isa = PBXFileReference; lastKnownFileType = folder.assetcatalog; path = Assets.xcassets; sourceTree = "<group>"; };
		DE16E7572895271D00C75C23 /* Base */ = {isa = PBXFileReference; lastKnownFileType = file.storyboard; name = Base; path = Base.lproj/LaunchScreen.storyboard; sourceTree = "<group>"; };
		DE16E7592895271D00C75C23 /* Info.plist */ = {isa = PBXFileReference; lastKnownFileType = text.plist.xml; path = Info.plist; sourceTree = "<group>"; };
		DE16E76628954F5C00C75C23 /* CoordinatorDescribing.swift */ = {isa = PBXFileReference; fileEncoding = 4; lastKnownFileType = sourcecode.swift; path = CoordinatorDescribing.swift; sourceTree = "<group>"; };
		DE16E76928954F7000C75C23 /* CALayer+.swift */ = {isa = PBXFileReference; fileEncoding = 4; lastKnownFileType = sourcecode.swift; path = "CALayer+.swift"; sourceTree = "<group>"; };
		DE16E76A28954F7000C75C23 /* UIFont+.swift */ = {isa = PBXFileReference; fileEncoding = 4; lastKnownFileType = sourcecode.swift; path = "UIFont+.swift"; sourceTree = "<group>"; };
		DE16E76B28954F7000C75C23 /* UITextField+.swift */ = {isa = PBXFileReference; fileEncoding = 4; lastKnownFileType = sourcecode.swift; path = "UITextField+.swift"; sourceTree = "<group>"; };
		DE16E76C28954F7000C75C23 /* UIColor+.swift */ = {isa = PBXFileReference; fileEncoding = 4; lastKnownFileType = sourcecode.swift; path = "UIColor+.swift"; sourceTree = "<group>"; };
		DE16E7892895514400C75C23 /* .swiftlint.yml */ = {isa = PBXFileReference; lastKnownFileType = text.yaml; path = .swiftlint.yml; sourceTree = "<group>"; };
		DE16E78B289551ED00C75C23 /* AppCoordinator.swift */ = {isa = PBXFileReference; fileEncoding = 4; lastKnownFileType = sourcecode.swift; path = AppCoordinator.swift; sourceTree = "<group>"; };
		DE16E78F2895521300C75C23 /* HomeCoordinator.swift */ = {isa = PBXFileReference; lastKnownFileType = sourcecode.swift; path = HomeCoordinator.swift; sourceTree = "<group>"; };
		DE16E7AA2895557100C75C23 /* LoginCoordinator.swift */ = {isa = PBXFileReference; lastKnownFileType = sourcecode.swift; path = LoginCoordinator.swift; sourceTree = "<group>"; };
		DE16E7AF289556BE00C75C23 /* BaseRouter.swift */ = {isa = PBXFileReference; lastKnownFileType = sourcecode.swift; path = BaseRouter.swift; sourceTree = "<group>"; };
		DE16E7B12895577000C75C23 /* APIProtocol.swift */ = {isa = PBXFileReference; fileEncoding = 4; lastKnownFileType = sourcecode.swift; path = APIProtocol.swift; sourceTree = "<group>"; };
		DE16E7B3289558A000C75C23 /* HoldyAPI.swift */ = {isa = PBXFileReference; fileEncoding = 4; lastKnownFileType = sourcecode.swift; path = HoldyAPI.swift; sourceTree = "<group>"; };
		DE16E7B728955E3700C75C23 /* LoginRequest.swift */ = {isa = PBXFileReference; lastKnownFileType = sourcecode.swift; path = LoginRequest.swift; sourceTree = "<group>"; };
		DE16E7BB28955EC500C75C23 /* LoginResponse.swift */ = {isa = PBXFileReference; lastKnownFileType = sourcecode.swift; path = LoginResponse.swift; sourceTree = "<group>"; };
		DE16E7BD2895692600C75C23 /* LoginViewController.swift */ = {isa = PBXFileReference; lastKnownFileType = sourcecode.swift; path = LoginViewController.swift; sourceTree = "<group>"; };
		DE16E7C2289570EC00C75C23 /* UIView+.swift */ = {isa = PBXFileReference; lastKnownFileType = sourcecode.swift; path = "UIView+.swift"; sourceTree = "<group>"; };
		DE16E7C42895799000C75C23 /* Pretendard-Bold.otf */ = {isa = PBXFileReference; lastKnownFileType = file; path = "Pretendard-Bold.otf"; sourceTree = "<group>"; };
		DE16E7C52895799000C75C23 /* Pretendard-Light.otf */ = {isa = PBXFileReference; lastKnownFileType = file; path = "Pretendard-Light.otf"; sourceTree = "<group>"; };
		DE16E7C62895799000C75C23 /* Pretendard-Black.otf */ = {isa = PBXFileReference; lastKnownFileType = file; path = "Pretendard-Black.otf"; sourceTree = "<group>"; };
		DE16E7C72895799000C75C23 /* Pretendard-Medium.otf */ = {isa = PBXFileReference; lastKnownFileType = file; path = "Pretendard-Medium.otf"; sourceTree = "<group>"; };
		DE16E7C82895799000C75C23 /* Pretendard-SemiBold.otf */ = {isa = PBXFileReference; lastKnownFileType = file; path = "Pretendard-SemiBold.otf"; sourceTree = "<group>"; };
		DE16E7C92895799000C75C23 /* Pretendard-Thin.otf */ = {isa = PBXFileReference; lastKnownFileType = file; path = "Pretendard-Thin.otf"; sourceTree = "<group>"; };
		DE16E7CA2895799000C75C23 /* Pretendard-ExtraBold.otf */ = {isa = PBXFileReference; lastKnownFileType = file; path = "Pretendard-ExtraBold.otf"; sourceTree = "<group>"; };
		DE16E7CB2895799000C75C23 /* Pretendard-ExtraLight.otf */ = {isa = PBXFileReference; lastKnownFileType = file; path = "Pretendard-ExtraLight.otf"; sourceTree = "<group>"; };
		DE16E7CC2895799000C75C23 /* Pretendard-Regular.otf */ = {isa = PBXFileReference; lastKnownFileType = file; path = "Pretendard-Regular.otf"; sourceTree = "<group>"; };
		DE16E7D8289588F000C75C23 /* Poppins-SemiBold.otf */ = {isa = PBXFileReference; lastKnownFileType = file; path = "Poppins-SemiBold.otf"; sourceTree = "<group>"; };
		DE2024DF28A2A7E9004B4F59 /* GeneratingGroupRouter.swift */ = {isa = PBXFileReference; lastKnownFileType = sourcecode.swift; path = GeneratingGroupRouter.swift; sourceTree = "<group>"; };
		DE2024E128A756E3004B4F59 /* GeneratingGroupResponse.swift */ = {isa = PBXFileReference; lastKnownFileType = sourcecode.swift; path = GeneratingGroupResponse.swift; sourceTree = "<group>"; };
		DE545F64289BE905002E6B83 /* GeneratingGroupCoordinator.swift */ = {isa = PBXFileReference; lastKnownFileType = sourcecode.swift; path = GeneratingGroupCoordinator.swift; sourceTree = "<group>"; };
		DE545F66289BE9F4002E6B83 /* GeneratingGroupViewController.swift */ = {isa = PBXFileReference; fileEncoding = 4; lastKnownFileType = sourcecode.swift; path = GeneratingGroupViewController.swift; sourceTree = "<group>"; };
		DE6452F6289C0CB200CD19D1 /* GeneratingGroupViewModel.swift */ = {isa = PBXFileReference; lastKnownFileType = sourcecode.swift; path = GeneratingGroupViewModel.swift; sourceTree = "<group>"; };
		DE86D4A228964541007BC448 /* URLRequest+.swift */ = {isa = PBXFileReference; fileEncoding = 4; lastKnownFileType = sourcecode.swift; path = "URLRequest+.swift"; sourceTree = "<group>"; };
		DE86D4A828980062007BC448 /* holdy-iOSTests.xctest */ = {isa = PBXFileReference; explicitFileType = wrapper.cfbundle; includeInIndex = 0; path = "holdy-iOSTests.xctest"; sourceTree = BUILT_PRODUCTS_DIR; };
		DE86D4AA28980062007BC448 /* LoginAPITests.swift */ = {isa = PBXFileReference; lastKnownFileType = sourcecode.swift; path = LoginAPITests.swift; sourceTree = "<group>"; };
		DE86D4B328980CA4007BC448 /* LoginViewModel.swift */ = {isa = PBXFileReference; lastKnownFileType = sourcecode.swift; path = LoginViewModel.swift; sourceTree = "<group>"; };
/* End PBXFileReference section */

/* Begin PBXFrameworksBuildPhase section */
		DE16E7452895271B00C75C23 /* Frameworks */ = {
			isa = PBXFrameworksBuildPhase;
			buildActionMask = 2147483647;
			files = (
				DE16E7A0289552CE00C75C23 /* Then in Frameworks */,
				DE16E799289552BF00C75C23 /* RxCocoa in Frameworks */,
				DE16E7932895529700C75C23 /* SnapKit in Frameworks */,
				DE16E7A3289552F600C75C23 /* Alamofire in Frameworks */,
				DE16E7A62895530F00C75C23 /* RxDataSources in Frameworks */,
				DE16E79D289552BF00C75C23 /* RxSwift in Frameworks */,
				DE16E79B289552BF00C75C23 /* RxRelay in Frameworks */,
			);
			runOnlyForDeploymentPostprocessing = 0;
		};
		DE86D4A528980062007BC448 /* Frameworks */ = {
			isa = PBXFrameworksBuildPhase;
			buildActionMask = 2147483647;
			files = (
			);
			runOnlyForDeploymentPostprocessing = 0;
		};
/* End PBXFrameworksBuildPhase section */

/* Begin PBXGroup section */
		DE16E73F2895271B00C75C23 = {
			isa = PBXGroup;
			children = (
				DE16E7892895514400C75C23 /* .swiftlint.yml */,
				DE16E74A2895271B00C75C23 /* holdy-iOS */,
				DE86D4A928980062007BC448 /* holdy-iOSTests */,
				DE16E7492895271B00C75C23 /* Products */,
			);
			sourceTree = "<group>";
		};
		DE16E7492895271B00C75C23 /* Products */ = {
			isa = PBXGroup;
			children = (
				DE16E7482895271B00C75C23 /* holdy-iOS.app */,
				DE86D4A828980062007BC448 /* holdy-iOSTests.xctest */,
			);
			name = Products;
			sourceTree = "<group>";
		};
		DE16E74A2895271B00C75C23 /* holdy-iOS */ = {
			isa = PBXGroup;
			children = (
				DE16E75F2895284200C75C23 /* App */,
				DE16E7AC289555F200C75C23 /* Data */,
				DE16E7602895285100C75C23 /* Presentation */,
				DE16E76528954F5C00C75C23 /* Protocol */,
				DE16E77128954F7F00C75C23 /* DesignSystem */,
				DE16E76828954F7000C75C23 /* Extension */,
				DE16E7612895287200C75C23 /* SupportFile */,
			);
			path = "holdy-iOS";
			sourceTree = "<group>";
		};
		DE16E75F2895284200C75C23 /* App */ = {
			isa = PBXGroup;
			children = (
				DE16E74B2895271B00C75C23 /* AppDelegate.swift */,
				DE16E74D2895271B00C75C23 /* SceneDelegate.swift */,
			);
			path = App;
			sourceTree = "<group>";
		};
		DE16E7602895285100C75C23 /* Presentation */ = {
			isa = PBXGroup;
			children = (
				DE16E78B289551ED00C75C23 /* AppCoordinator.swift */,
				DE16E7A72895555300C75C23 /* Login */,
				DE16E76428954F2F00C75C23 /* Home */,
				DE545F61289BE8C8002E6B83 /* GeneratingGroup */,
			);
			path = Presentation;
			sourceTree = "<group>";
		};
		DE16E7612895287200C75C23 /* SupportFile */ = {
			isa = PBXGroup;
			children = (
				DE16E7632895288B00C75C23 /* Configure */,
				DE16E7622895287E00C75C23 /* Resourece */,
			);
			path = SupportFile;
			sourceTree = "<group>";
		};
		DE16E7622895287E00C75C23 /* Resourece */ = {
			isa = PBXGroup;
			children = (
				DE16E7542895271D00C75C23 /* Assets.xcassets */,
				DE16E7562895271D00C75C23 /* LaunchScreen.storyboard */,
			);
			path = Resourece;
			sourceTree = "<group>";
		};
		DE16E7632895288B00C75C23 /* Configure */ = {
			isa = PBXGroup;
			children = (
				DE16E7592895271D00C75C23 /* Info.plist */,
			);
			path = Configure;
			sourceTree = "<group>";
		};
		DE16E76428954F2F00C75C23 /* Home */ = {
			isa = PBXGroup;
			children = (
				DE16E78F2895521300C75C23 /* HomeCoordinator.swift */,
				DE16E78E2895520300C75C23 /* View */,
				DE16E78D289551FB00C75C23 /* ViewModel */,
			);
			path = Home;
			sourceTree = "<group>";
		};
		DE16E76528954F5C00C75C23 /* Protocol */ = {
			isa = PBXGroup;
			children = (
				DE16E76628954F5C00C75C23 /* CoordinatorDescribing.swift */,
				DE16E7B12895577000C75C23 /* APIProtocol.swift */,
			);
			path = Protocol;
			sourceTree = "<group>";
		};
		DE16E76828954F7000C75C23 /* Extension */ = {
			isa = PBXGroup;
			children = (
				DE86D4A228964541007BC448 /* URLRequest+.swift */,
				DE16E76928954F7000C75C23 /* CALayer+.swift */,
				DE16E76A28954F7000C75C23 /* UIFont+.swift */,
				DE16E76B28954F7000C75C23 /* UITextField+.swift */,
				DE16E76C28954F7000C75C23 /* UIColor+.swift */,
				DE16E7C2289570EC00C75C23 /* UIView+.swift */,
			);
			path = Extension;
			sourceTree = "<group>";
		};
		DE16E77128954F7F00C75C23 /* DesignSystem */ = {
			isa = PBXGroup;
			children = (
				DE16E77228954F7F00C75C23 /* Font */,
			);
			path = DesignSystem;
			sourceTree = "<group>";
		};
		DE16E77228954F7F00C75C23 /* Font */ = {
			isa = PBXGroup;
			children = (
				DE16E7D8289588F000C75C23 /* Poppins-SemiBold.otf */,
				DE16E7C92895799000C75C23 /* Pretendard-Thin.otf */,
				DE16E7CB2895799000C75C23 /* Pretendard-ExtraLight.otf */,
				DE16E7C52895799000C75C23 /* Pretendard-Light.otf */,
				DE16E7CC2895799000C75C23 /* Pretendard-Regular.otf */,
				DE16E7C72895799000C75C23 /* Pretendard-Medium.otf */,
				DE16E7C82895799000C75C23 /* Pretendard-SemiBold.otf */,
				DE16E7C42895799000C75C23 /* Pretendard-Bold.otf */,
				DE16E7CA2895799000C75C23 /* Pretendard-ExtraBold.otf */,
				DE16E7C62895799000C75C23 /* Pretendard-Black.otf */,
			);
			path = Font;
			sourceTree = "<group>";
		};
		DE16E78D289551FB00C75C23 /* ViewModel */ = {
			isa = PBXGroup;
			children = (
			);
			path = ViewModel;
			sourceTree = "<group>";
		};
		DE16E78E2895520300C75C23 /* View */ = {
			isa = PBXGroup;
			children = (
				DE16E74F2895271B00C75C23 /* ViewController.swift */,
			);
			path = View;
			sourceTree = "<group>";
		};
		DE16E7A72895555300C75C23 /* Login */ = {
			isa = PBXGroup;
			children = (
				DE16E7AA2895557100C75C23 /* LoginCoordinator.swift */,
				DE16E7A92895556400C75C23 /* View */,
				DE16E7A82895555E00C75C23 /* ViewModel */,
			);
			path = Login;
			sourceTree = "<group>";
		};
		DE16E7A82895555E00C75C23 /* ViewModel */ = {
			isa = PBXGroup;
			children = (
				DE86D4B328980CA4007BC448 /* LoginViewModel.swift */,
			);
			path = ViewModel;
			sourceTree = "<group>";
		};
		DE16E7A92895556400C75C23 /* View */ = {
			isa = PBXGroup;
			children = (
				DE16E7BD2895692600C75C23 /* LoginViewController.swift */,
			);
			path = View;
			sourceTree = "<group>";
		};
		DE16E7AC289555F200C75C23 /* Data */ = {
			isa = PBXGroup;
			children = (
				DE16E7AE2895568500C75C23 /* RemoteDB */,
				DE16E7AD2895567E00C75C23 /* LocalDB */,
			);
			path = Data;
			sourceTree = "<group>";
		};
		DE16E7AD2895567E00C75C23 /* LocalDB */ = {
			isa = PBXGroup;
			children = (
			);
			path = LocalDB;
			sourceTree = "<group>";
		};
		DE16E7AE2895568500C75C23 /* RemoteDB */ = {
			isa = PBXGroup;
			children = (
				DE16E7AF289556BE00C75C23 /* BaseRouter.swift */,
				DE16E7B3289558A000C75C23 /* HoldyAPI.swift */,
				DE16E7B528955DE800C75C23 /* Entity */,
			);
			path = RemoteDB;
			sourceTree = "<group>";
		};
		DE16E7B528955DE800C75C23 /* Entity */ = {
			isa = PBXGroup;
			children = (
				DE16E7B928955EA400C75C23 /* Request */,
				DE16E7BA28955EA900C75C23 /* Response */,
			);
			path = Entity;
			sourceTree = "<group>";
		};
		DE16E7B928955EA400C75C23 /* Request */ = {
			isa = PBXGroup;
			children = (
				DE16E7B728955E3700C75C23 /* LoginRequest.swift */,
			);
			path = Request;
			sourceTree = "<group>";
		};
		DE16E7BA28955EA900C75C23 /* Response */ = {
			isa = PBXGroup;
			children = (
				DE16E7BB28955EC500C75C23 /* LoginResponse.swift */,
				DE2024E128A756E3004B4F59 /* GeneratingGroupResponse.swift */,
			);
			path = Response;
			sourceTree = "<group>";
		};
		DE2024DE28A2A7CA004B4F59 /* Router */ = {
			isa = PBXGroup;
			children = (
				DE2024DF28A2A7E9004B4F59 /* GeneratingGroupRouter.swift */,
			);
			path = Router;
			sourceTree = "<group>";
		};
		DE545F61289BE8C8002E6B83 /* GeneratingGroup */ = {
			isa = PBXGroup;
			children = (
				DE545F64289BE905002E6B83 /* GeneratingGroupCoordinator.swift */,
				DE2024DE28A2A7CA004B4F59 /* Router */,
				DE545F63289BE8EF002E6B83 /* View */,
				DE545F62289BE8E7002E6B83 /* ViewModel */,
			);
			path = GeneratingGroup;
			sourceTree = "<group>";
		};
		DE545F62289BE8E7002E6B83 /* ViewModel */ = {
			isa = PBXGroup;
			children = (
				DE6452F6289C0CB200CD19D1 /* GeneratingGroupViewModel.swift */,
			);
			path = ViewModel;
			sourceTree = "<group>";
		};
		DE545F63289BE8EF002E6B83 /* View */ = {
			isa = PBXGroup;
			children = (
				DE545F66289BE9F4002E6B83 /* GeneratingGroupViewController.swift */,
			);
			path = View;
			sourceTree = "<group>";
		};
		DE86D4A928980062007BC448 /* holdy-iOSTests */ = {
			isa = PBXGroup;
			children = (
				DE86D4B12898006F007BC448 /* Network */,
			);
			path = "holdy-iOSTests";
			sourceTree = "<group>";
		};
		DE86D4B12898006F007BC448 /* Network */ = {
			isa = PBXGroup;
			children = (
				DE86D4AA28980062007BC448 /* LoginAPITests.swift */,
			);
			path = Network;
			sourceTree = "<group>";
		};
/* End PBXGroup section */

/* Begin PBXNativeTarget section */
		DE16E7472895271B00C75C23 /* holdy-iOS */ = {
			isa = PBXNativeTarget;
			buildConfigurationList = DE16E75C2895271D00C75C23 /* Build configuration list for PBXNativeTarget "holdy-iOS" */;
			buildPhases = (
				DE16E78528954FBD00C75C23 /* SwiftLint Script */,
				DE16E7442895271B00C75C23 /* Sources */,
				DE16E7452895271B00C75C23 /* Frameworks */,
				DE16E7462895271B00C75C23 /* Resources */,
			);
			buildRules = (
			);
			dependencies = (
			);
			name = "holdy-iOS";
			packageProductDependencies = (
				DE16E7922895529700C75C23 /* SnapKit */,
				DE16E798289552BF00C75C23 /* RxCocoa */,
				DE16E79A289552BF00C75C23 /* RxRelay */,
				DE16E79C289552BF00C75C23 /* RxSwift */,
				DE16E79F289552CE00C75C23 /* Then */,
				DE16E7A2289552F600C75C23 /* Alamofire */,
				DE16E7A52895530F00C75C23 /* RxDataSources */,
			);
			productName = "holdy-iOS";
			productReference = DE16E7482895271B00C75C23 /* holdy-iOS.app */;
			productType = "com.apple.product-type.application";
		};
		DE86D4A728980062007BC448 /* holdy-iOSTests */ = {
			isa = PBXNativeTarget;
			buildConfigurationList = DE86D4AE28980062007BC448 /* Build configuration list for PBXNativeTarget "holdy-iOSTests" */;
			buildPhases = (
				DE86D4A428980062007BC448 /* Sources */,
				DE86D4A528980062007BC448 /* Frameworks */,
				DE86D4A628980062007BC448 /* Resources */,
			);
			buildRules = (
			);
			dependencies = (
				DE86D4AD28980062007BC448 /* PBXTargetDependency */,
			);
			name = "holdy-iOSTests";
			productName = "holdy-iOSTests";
			productReference = DE86D4A828980062007BC448 /* holdy-iOSTests.xctest */;
			productType = "com.apple.product-type.bundle.unit-test";
		};
/* End PBXNativeTarget section */

/* Begin PBXProject section */
		DE16E7402895271B00C75C23 /* Project object */ = {
			isa = PBXProject;
			attributes = {
				BuildIndependentTargetsInParallel = 1;
				LastSwiftUpdateCheck = 1340;
				LastUpgradeCheck = 1340;
				TargetAttributes = {
					DE16E7472895271B00C75C23 = {
						CreatedOnToolsVersion = 13.4;
					};
					DE86D4A728980062007BC448 = {
						CreatedOnToolsVersion = 13.4;
						TestTargetID = DE16E7472895271B00C75C23;
					};
				};
			};
			buildConfigurationList = DE16E7432895271B00C75C23 /* Build configuration list for PBXProject "holdy-iOS" */;
			compatibilityVersion = "Xcode 13.0";
			developmentRegion = en;
			hasScannedForEncodings = 0;
			knownRegions = (
				en,
				Base,
			);
			mainGroup = DE16E73F2895271B00C75C23;
			packageReferences = (
				DE16E7912895529700C75C23 /* XCRemoteSwiftPackageReference "SnapKit" */,
				DE16E797289552BF00C75C23 /* XCRemoteSwiftPackageReference "RxSwift" */,
				DE16E79E289552CE00C75C23 /* XCRemoteSwiftPackageReference "Then" */,
				DE16E7A1289552F600C75C23 /* XCRemoteSwiftPackageReference "Alamofire" */,
				DE16E7A42895530F00C75C23 /* XCRemoteSwiftPackageReference "RxDataSources" */,
			);
			productRefGroup = DE16E7492895271B00C75C23 /* Products */;
			projectDirPath = "";
			projectRoot = "";
			targets = (
				DE16E7472895271B00C75C23 /* holdy-iOS */,
				DE86D4A728980062007BC448 /* holdy-iOSTests */,
			);
		};
/* End PBXProject section */

/* Begin PBXResourcesBuildPhase section */
		DE16E7462895271B00C75C23 /* Resources */ = {
			isa = PBXResourcesBuildPhase;
			buildActionMask = 2147483647;
			files = (
				DE16E78A2895514400C75C23 /* .swiftlint.yml in Resources */,
				DE16E7D328957C7F00C75C23 /* Pretendard-Bold.otf in Resources */,
				DE16E7582895271D00C75C23 /* LaunchScreen.storyboard in Resources */,
				DE16E7CE28957C7200C75C23 /* Pretendard-ExtraLight.otf in Resources */,
				DE16E7D128957C7A00C75C23 /* Pretendard-Medium.otf in Resources */,
				DE16E7552895271D00C75C23 /* Assets.xcassets in Resources */,
				DE16E7D428957C8100C75C23 /* Pretendard-ExtraBold.otf in Resources */,
				DE16E7D028957C7700C75C23 /* Pretendard-Regular.otf in Resources */,
				DE16E7D228957C7D00C75C23 /* Pretendard-SemiBold.otf in Resources */,
				DE16E7D9289589E400C75C23 /* Poppins-SemiBold.otf in Resources */,
				DE16E7CD28957C7000C75C23 /* Pretendard-Thin.otf in Resources */,
				DE16E7D528957C8400C75C23 /* Pretendard-Black.otf in Resources */,
				DE16E7CF28957C7500C75C23 /* Pretendard-Light.otf in Resources */,
			);
			runOnlyForDeploymentPostprocessing = 0;
		};
		DE86D4A628980062007BC448 /* Resources */ = {
			isa = PBXResourcesBuildPhase;
			buildActionMask = 2147483647;
			files = (
			);
			runOnlyForDeploymentPostprocessing = 0;
		};
/* End PBXResourcesBuildPhase section */

/* Begin PBXShellScriptBuildPhase section */
		DE16E78528954FBD00C75C23 /* SwiftLint Script */ = {
			isa = PBXShellScriptBuildPhase;
			buildActionMask = 2147483647;
			files = (
			);
			inputFileListPaths = (
			);
			inputPaths = (
			);
			name = "SwiftLint Script";
			outputFileListPaths = (
			);
			outputPaths = (
			);
			runOnlyForDeploymentPostprocessing = 0;
			shellPath = /bin/sh;
			shellScript = "if test -d \"/opt/homebrew/bin/\"; then\n  PATH=\"/opt/homebrew/bin/:${PATH}\"\nfi\n\nexport PATH\n\nif which swiftlint >/dev/null; then\n  swiftlint\nelse\n  echo \"warning: SwiftLint not installed, download from https://github.com/realm/SwiftLint\"\nfi\n";
		};
/* End PBXShellScriptBuildPhase section */

/* Begin PBXSourcesBuildPhase section */
		DE16E7442895271B00C75C23 /* Sources */ = {
			isa = PBXSourcesBuildPhase;
			buildActionMask = 2147483647;
			files = (
				DE86D4A328964541007BC448 /* URLRequest+.swift in Sources */,
				DE16E76728954F5C00C75C23 /* CoordinatorDescribing.swift in Sources */,
				DE16E77028954F7000C75C23 /* UIColor+.swift in Sources */,
				DE16E7502895271B00C75C23 /* ViewController.swift in Sources */,
				DE545F67289BE9F4002E6B83 /* GeneratingGroupViewController.swift in Sources */,
				DE16E7B22895577000C75C23 /* APIProtocol.swift in Sources */,
				DE16E76F28954F7000C75C23 /* UITextField+.swift in Sources */,
				DE16E7AB2895557100C75C23 /* LoginCoordinator.swift in Sources */,
				DE16E7BC28955EC500C75C23 /* LoginResponse.swift in Sources */,
				DE86D4B428980CA4007BC448 /* LoginViewModel.swift in Sources */,
				DE16E7B828955E3700C75C23 /* LoginRequest.swift in Sources */,
				DE16E74C2895271B00C75C23 /* AppDelegate.swift in Sources */,
				DE16E76D28954F7000C75C23 /* CALayer+.swift in Sources */,
				DE6452F7289C0CB200CD19D1 /* GeneratingGroupViewModel.swift in Sources */,
				DE16E7B0289556BE00C75C23 /* BaseRouter.swift in Sources */,
				DE16E7B4289558A000C75C23 /* HoldyAPI.swift in Sources */,
				DE2024E028A2A7E9004B4F59 /* GeneratingGroupRouter.swift in Sources */,
				DE16E78C289551ED00C75C23 /* AppCoordinator.swift in Sources */,
				DE2024E228A756E3004B4F59 /* GeneratingGroupResponse.swift in Sources */,
				DE16E7BE2895692600C75C23 /* LoginViewController.swift in Sources */,
				DE545F65289BE905002E6B83 /* GeneratingGroupCoordinator.swift in Sources */,
				DE16E7C3289570EC00C75C23 /* UIView+.swift in Sources */,
				DE16E7902895521300C75C23 /* HomeCoordinator.swift in Sources */,
				DE16E76E28954F7000C75C23 /* UIFont+.swift in Sources */,
				DE16E74E2895271B00C75C23 /* SceneDelegate.swift in Sources */,
			);
			runOnlyForDeploymentPostprocessing = 0;
		};
		DE86D4A428980062007BC448 /* Sources */ = {
			isa = PBXSourcesBuildPhase;
			buildActionMask = 2147483647;
			files = (
				DE86D4AB28980062007BC448 /* LoginAPITests.swift in Sources */,
			);
			runOnlyForDeploymentPostprocessing = 0;
		};
/* End PBXSourcesBuildPhase section */

/* Begin PBXTargetDependency section */
		DE86D4AD28980062007BC448 /* PBXTargetDependency */ = {
			isa = PBXTargetDependency;
			target = DE16E7472895271B00C75C23 /* holdy-iOS */;
			targetProxy = DE86D4AC28980062007BC448 /* PBXContainerItemProxy */;
		};
/* End PBXTargetDependency section */

/* Begin PBXVariantGroup section */
		DE16E7562895271D00C75C23 /* LaunchScreen.storyboard */ = {
			isa = PBXVariantGroup;
			children = (
				DE16E7572895271D00C75C23 /* Base */,
			);
			name = LaunchScreen.storyboard;
			sourceTree = "<group>";
		};
/* End PBXVariantGroup section */

/* Begin XCBuildConfiguration section */
		DE16E75A2895271D00C75C23 /* Debug */ = {
			isa = XCBuildConfiguration;
			buildSettings = {
				ALWAYS_SEARCH_USER_PATHS = NO;
				CLANG_ANALYZER_NONNULL = YES;
				CLANG_ANALYZER_NUMBER_OBJECT_CONVERSION = YES_AGGRESSIVE;
				CLANG_CXX_LANGUAGE_STANDARD = "gnu++17";
				CLANG_ENABLE_MODULES = YES;
				CLANG_ENABLE_OBJC_ARC = YES;
				CLANG_ENABLE_OBJC_WEAK = YES;
				CLANG_WARN_BLOCK_CAPTURE_AUTORELEASING = YES;
				CLANG_WARN_BOOL_CONVERSION = YES;
				CLANG_WARN_COMMA = YES;
				CLANG_WARN_CONSTANT_CONVERSION = YES;
				CLANG_WARN_DEPRECATED_OBJC_IMPLEMENTATIONS = YES;
				CLANG_WARN_DIRECT_OBJC_ISA_USAGE = YES_ERROR;
				CLANG_WARN_DOCUMENTATION_COMMENTS = YES;
				CLANG_WARN_EMPTY_BODY = YES;
				CLANG_WARN_ENUM_CONVERSION = YES;
				CLANG_WARN_INFINITE_RECURSION = YES;
				CLANG_WARN_INT_CONVERSION = YES;
				CLANG_WARN_NON_LITERAL_NULL_CONVERSION = YES;
				CLANG_WARN_OBJC_IMPLICIT_RETAIN_SELF = YES;
				CLANG_WARN_OBJC_LITERAL_CONVERSION = YES;
				CLANG_WARN_OBJC_ROOT_CLASS = YES_ERROR;
				CLANG_WARN_QUOTED_INCLUDE_IN_FRAMEWORK_HEADER = YES;
				CLANG_WARN_RANGE_LOOP_ANALYSIS = YES;
				CLANG_WARN_STRICT_PROTOTYPES = YES;
				CLANG_WARN_SUSPICIOUS_MOVE = YES;
				CLANG_WARN_UNGUARDED_AVAILABILITY = YES_AGGRESSIVE;
				CLANG_WARN_UNREACHABLE_CODE = YES;
				CLANG_WARN__DUPLICATE_METHOD_MATCH = YES;
				COPY_PHASE_STRIP = NO;
				DEBUG_INFORMATION_FORMAT = dwarf;
				ENABLE_STRICT_OBJC_MSGSEND = YES;
				ENABLE_TESTABILITY = YES;
				GCC_C_LANGUAGE_STANDARD = gnu11;
				GCC_DYNAMIC_NO_PIC = NO;
				GCC_NO_COMMON_BLOCKS = YES;
				GCC_OPTIMIZATION_LEVEL = 0;
				GCC_PREPROCESSOR_DEFINITIONS = (
					"DEBUG=1",
					"$(inherited)",
				);
				GCC_WARN_64_TO_32_BIT_CONVERSION = YES;
				GCC_WARN_ABOUT_RETURN_TYPE = YES_ERROR;
				GCC_WARN_UNDECLARED_SELECTOR = YES;
				GCC_WARN_UNINITIALIZED_AUTOS = YES_AGGRESSIVE;
				GCC_WARN_UNUSED_FUNCTION = YES;
				GCC_WARN_UNUSED_VARIABLE = YES;
				IPHONEOS_DEPLOYMENT_TARGET = 15.0;
				MTL_ENABLE_DEBUG_INFO = INCLUDE_SOURCE;
				MTL_FAST_MATH = YES;
				ONLY_ACTIVE_ARCH = YES;
				SDKROOT = iphoneos;
				SWIFT_ACTIVE_COMPILATION_CONDITIONS = DEBUG;
				SWIFT_OPTIMIZATION_LEVEL = "-Onone";
			};
			name = Debug;
		};
		DE16E75B2895271D00C75C23 /* Release */ = {
			isa = XCBuildConfiguration;
			buildSettings = {
				ALWAYS_SEARCH_USER_PATHS = NO;
				CLANG_ANALYZER_NONNULL = YES;
				CLANG_ANALYZER_NUMBER_OBJECT_CONVERSION = YES_AGGRESSIVE;
				CLANG_CXX_LANGUAGE_STANDARD = "gnu++17";
				CLANG_ENABLE_MODULES = YES;
				CLANG_ENABLE_OBJC_ARC = YES;
				CLANG_ENABLE_OBJC_WEAK = YES;
				CLANG_WARN_BLOCK_CAPTURE_AUTORELEASING = YES;
				CLANG_WARN_BOOL_CONVERSION = YES;
				CLANG_WARN_COMMA = YES;
				CLANG_WARN_CONSTANT_CONVERSION = YES;
				CLANG_WARN_DEPRECATED_OBJC_IMPLEMENTATIONS = YES;
				CLANG_WARN_DIRECT_OBJC_ISA_USAGE = YES_ERROR;
				CLANG_WARN_DOCUMENTATION_COMMENTS = YES;
				CLANG_WARN_EMPTY_BODY = YES;
				CLANG_WARN_ENUM_CONVERSION = YES;
				CLANG_WARN_INFINITE_RECURSION = YES;
				CLANG_WARN_INT_CONVERSION = YES;
				CLANG_WARN_NON_LITERAL_NULL_CONVERSION = YES;
				CLANG_WARN_OBJC_IMPLICIT_RETAIN_SELF = YES;
				CLANG_WARN_OBJC_LITERAL_CONVERSION = YES;
				CLANG_WARN_OBJC_ROOT_CLASS = YES_ERROR;
				CLANG_WARN_QUOTED_INCLUDE_IN_FRAMEWORK_HEADER = YES;
				CLANG_WARN_RANGE_LOOP_ANALYSIS = YES;
				CLANG_WARN_STRICT_PROTOTYPES = YES;
				CLANG_WARN_SUSPICIOUS_MOVE = YES;
				CLANG_WARN_UNGUARDED_AVAILABILITY = YES_AGGRESSIVE;
				CLANG_WARN_UNREACHABLE_CODE = YES;
				CLANG_WARN__DUPLICATE_METHOD_MATCH = YES;
				COPY_PHASE_STRIP = NO;
				DEBUG_INFORMATION_FORMAT = "dwarf-with-dsym";
				ENABLE_NS_ASSERTIONS = NO;
				ENABLE_STRICT_OBJC_MSGSEND = YES;
				GCC_C_LANGUAGE_STANDARD = gnu11;
				GCC_NO_COMMON_BLOCKS = YES;
				GCC_WARN_64_TO_32_BIT_CONVERSION = YES;
				GCC_WARN_ABOUT_RETURN_TYPE = YES_ERROR;
				GCC_WARN_UNDECLARED_SELECTOR = YES;
				GCC_WARN_UNINITIALIZED_AUTOS = YES_AGGRESSIVE;
				GCC_WARN_UNUSED_FUNCTION = YES;
				GCC_WARN_UNUSED_VARIABLE = YES;
				IPHONEOS_DEPLOYMENT_TARGET = 15.0;
				MTL_ENABLE_DEBUG_INFO = NO;
				MTL_FAST_MATH = YES;
				SDKROOT = iphoneos;
				SWIFT_COMPILATION_MODE = wholemodule;
				SWIFT_OPTIMIZATION_LEVEL = "-O";
				VALIDATE_PRODUCT = YES;
			};
			name = Release;
		};
		DE16E75D2895271D00C75C23 /* Debug */ = {
			isa = XCBuildConfiguration;
			buildSettings = {
				ASSETCATALOG_COMPILER_APPICON_NAME = AppIcon;
				ASSETCATALOG_COMPILER_GLOBAL_ACCENT_COLOR_NAME = AccentColor;
				CODE_SIGN_STYLE = Automatic;
				CURRENT_PROJECT_VERSION = 1;
				DEVELOPMENT_TEAM = FA464JRW3F;
				GENERATE_INFOPLIST_FILE = YES;
				INFOPLIST_FILE = "holdy-iOS/SupportFile/Configure/Info.plist";
				INFOPLIST_KEY_UIApplicationSupportsIndirectInputEvents = YES;
				INFOPLIST_KEY_UILaunchStoryboardName = LaunchScreen;
				INFOPLIST_KEY_UISupportedInterfaceOrientations_iPad = "UIInterfaceOrientationPortrait UIInterfaceOrientationPortraitUpsideDown UIInterfaceOrientationLandscapeLeft UIInterfaceOrientationLandscapeRight";
				INFOPLIST_KEY_UISupportedInterfaceOrientations_iPhone = "UIInterfaceOrientationPortrait UIInterfaceOrientationLandscapeLeft UIInterfaceOrientationLandscapeRight";
				LD_RUNPATH_SEARCH_PATHS = (
					"$(inherited)",
					"@executable_path/Frameworks",
				);
				MARKETING_VERSION = 1.0;
				PRODUCT_BUNDLE_IDENTIFIER = com.beer.holdy;
				PRODUCT_NAME = "$(TARGET_NAME)";
				SWIFT_EMIT_LOC_STRINGS = YES;
				SWIFT_VERSION = 5.0;
				TARGETED_DEVICE_FAMILY = 1;
			};
			name = Debug;
		};
		DE16E75E2895271D00C75C23 /* Release */ = {
			isa = XCBuildConfiguration;
			buildSettings = {
				ASSETCATALOG_COMPILER_APPICON_NAME = AppIcon;
				ASSETCATALOG_COMPILER_GLOBAL_ACCENT_COLOR_NAME = AccentColor;
				CODE_SIGN_STYLE = Automatic;
				CURRENT_PROJECT_VERSION = 1;
				DEVELOPMENT_TEAM = FA464JRW3F;
				GENERATE_INFOPLIST_FILE = YES;
				INFOPLIST_FILE = "holdy-iOS/SupportFile/Configure/Info.plist";
				INFOPLIST_KEY_UIApplicationSupportsIndirectInputEvents = YES;
				INFOPLIST_KEY_UILaunchStoryboardName = LaunchScreen;
				INFOPLIST_KEY_UISupportedInterfaceOrientations_iPad = "UIInterfaceOrientationPortrait UIInterfaceOrientationPortraitUpsideDown UIInterfaceOrientationLandscapeLeft UIInterfaceOrientationLandscapeRight";
				INFOPLIST_KEY_UISupportedInterfaceOrientations_iPhone = "UIInterfaceOrientationPortrait UIInterfaceOrientationLandscapeLeft UIInterfaceOrientationLandscapeRight";
				LD_RUNPATH_SEARCH_PATHS = (
					"$(inherited)",
					"@executable_path/Frameworks",
				);
				MARKETING_VERSION = 1.0;
				PRODUCT_BUNDLE_IDENTIFIER = com.beer.holdy;
				PRODUCT_NAME = "$(TARGET_NAME)";
				SWIFT_EMIT_LOC_STRINGS = YES;
				SWIFT_VERSION = 5.0;
				TARGETED_DEVICE_FAMILY = 1;
			};
			name = Release;
		};
		DE86D4AF28980062007BC448 /* Debug */ = {
			isa = XCBuildConfiguration;
			buildSettings = {
				BUNDLE_LOADER = "$(TEST_HOST)";
				CODE_SIGN_STYLE = Automatic;
				CURRENT_PROJECT_VERSION = 1;
				DEVELOPMENT_TEAM = FA464JRW3F;
				GENERATE_INFOPLIST_FILE = YES;
				IPHONEOS_DEPLOYMENT_TARGET = 15.5;
				MARKETING_VERSION = 1.0;
				PRODUCT_BUNDLE_IDENTIFIER = "com.hojoon.holdy-iOSTests";
				PRODUCT_NAME = "$(TARGET_NAME)";
				SWIFT_EMIT_LOC_STRINGS = NO;
				SWIFT_VERSION = 5.0;
				TARGETED_DEVICE_FAMILY = "1,2";
				TEST_HOST = "$(BUILT_PRODUCTS_DIR)/holdy-iOS.app/holdy-iOS";
			};
			name = Debug;
		};
		DE86D4B028980062007BC448 /* Release */ = {
			isa = XCBuildConfiguration;
			buildSettings = {
				BUNDLE_LOADER = "$(TEST_HOST)";
				CODE_SIGN_STYLE = Automatic;
				CURRENT_PROJECT_VERSION = 1;
				DEVELOPMENT_TEAM = FA464JRW3F;
				GENERATE_INFOPLIST_FILE = YES;
				IPHONEOS_DEPLOYMENT_TARGET = 15.5;
				MARKETING_VERSION = 1.0;
				PRODUCT_BUNDLE_IDENTIFIER = "com.hojoon.holdy-iOSTests";
				PRODUCT_NAME = "$(TARGET_NAME)";
				SWIFT_EMIT_LOC_STRINGS = NO;
				SWIFT_VERSION = 5.0;
				TARGETED_DEVICE_FAMILY = "1,2";
				TEST_HOST = "$(BUILT_PRODUCTS_DIR)/holdy-iOS.app/holdy-iOS";
			};
			name = Release;
		};
/* End XCBuildConfiguration section */

/* Begin XCConfigurationList section */
		DE16E7432895271B00C75C23 /* Build configuration list for PBXProject "holdy-iOS" */ = {
			isa = XCConfigurationList;
			buildConfigurations = (
				DE16E75A2895271D00C75C23 /* Debug */,
				DE16E75B2895271D00C75C23 /* Release */,
			);
			defaultConfigurationIsVisible = 0;
			defaultConfigurationName = Release;
		};
		DE16E75C2895271D00C75C23 /* Build configuration list for PBXNativeTarget "holdy-iOS" */ = {
			isa = XCConfigurationList;
			buildConfigurations = (
				DE16E75D2895271D00C75C23 /* Debug */,
				DE16E75E2895271D00C75C23 /* Release */,
			);
			defaultConfigurationIsVisible = 0;
			defaultConfigurationName = Release;
		};
		DE86D4AE28980062007BC448 /* Build configuration list for PBXNativeTarget "holdy-iOSTests" */ = {
			isa = XCConfigurationList;
			buildConfigurations = (
				DE86D4AF28980062007BC448 /* Debug */,
				DE86D4B028980062007BC448 /* Release */,
			);
			defaultConfigurationIsVisible = 0;
			defaultConfigurationName = Release;
		};
/* End XCConfigurationList section */

/* Begin XCRemoteSwiftPackageReference section */
		DE16E7912895529700C75C23 /* XCRemoteSwiftPackageReference "SnapKit" */ = {
			isa = XCRemoteSwiftPackageReference;
			repositoryURL = "https://github.com/SnapKit/SnapKit.git";
			requirement = {
				kind = upToNextMajorVersion;
				minimumVersion = 5.0.0;
			};
		};
		DE16E797289552BF00C75C23 /* XCRemoteSwiftPackageReference "RxSwift" */ = {
			isa = XCRemoteSwiftPackageReference;
			repositoryURL = "https://github.com/ReactiveX/RxSwift";
			requirement = {
				kind = upToNextMajorVersion;
				minimumVersion = 6.0.0;
			};
		};
		DE16E79E289552CE00C75C23 /* XCRemoteSwiftPackageReference "Then" */ = {
			isa = XCRemoteSwiftPackageReference;
			repositoryURL = "https://github.com/devxoul/Then.git";
			requirement = {
				kind = upToNextMajorVersion;
				minimumVersion = 3.0.0;
			};
		};
		DE16E7A1289552F600C75C23 /* XCRemoteSwiftPackageReference "Alamofire" */ = {
			isa = XCRemoteSwiftPackageReference;
			repositoryURL = "https://github.com/Alamofire/Alamofire";
			requirement = {
				kind = upToNextMajorVersion;
				minimumVersion = 5.0.0;
			};
		};
		DE16E7A42895530F00C75C23 /* XCRemoteSwiftPackageReference "RxDataSources" */ = {
			isa = XCRemoteSwiftPackageReference;
			repositoryURL = "https://github.com/RxSwiftCommunity/RxDataSources.git";
			requirement = {
				kind = upToNextMajorVersion;
				minimumVersion = 5.0.0;
			};
		};
/* End XCRemoteSwiftPackageReference section */

/* Begin XCSwiftPackageProductDependency section */
		DE16E7922895529700C75C23 /* SnapKit */ = {
			isa = XCSwiftPackageProductDependency;
			package = DE16E7912895529700C75C23 /* XCRemoteSwiftPackageReference "SnapKit" */;
			productName = SnapKit;
		};
		DE16E798289552BF00C75C23 /* RxCocoa */ = {
			isa = XCSwiftPackageProductDependency;
			package = DE16E797289552BF00C75C23 /* XCRemoteSwiftPackageReference "RxSwift" */;
			productName = RxCocoa;
		};
		DE16E79A289552BF00C75C23 /* RxRelay */ = {
			isa = XCSwiftPackageProductDependency;
			package = DE16E797289552BF00C75C23 /* XCRemoteSwiftPackageReference "RxSwift" */;
			productName = RxRelay;
		};
		DE16E79C289552BF00C75C23 /* RxSwift */ = {
			isa = XCSwiftPackageProductDependency;
			package = DE16E797289552BF00C75C23 /* XCRemoteSwiftPackageReference "RxSwift" */;
			productName = RxSwift;
		};
		DE16E79F289552CE00C75C23 /* Then */ = {
			isa = XCSwiftPackageProductDependency;
			package = DE16E79E289552CE00C75C23 /* XCRemoteSwiftPackageReference "Then" */;
			productName = Then;
		};
		DE16E7A2289552F600C75C23 /* Alamofire */ = {
			isa = XCSwiftPackageProductDependency;
			package = DE16E7A1289552F600C75C23 /* XCRemoteSwiftPackageReference "Alamofire" */;
			productName = Alamofire;
		};
		DE16E7A52895530F00C75C23 /* RxDataSources */ = {
			isa = XCSwiftPackageProductDependency;
			package = DE16E7A42895530F00C75C23 /* XCRemoteSwiftPackageReference "RxDataSources" */;
			productName = RxDataSources;
		};
/* End XCSwiftPackageProductDependency section */
	};
	rootObject = DE16E7402895271B00C75C23 /* Project object */;
}
